
Microsoft Visual Studio Solution File, Format Version 12.00
# Visual Studio Version 17
VisualStudioVersion = 17.13.35919.96 d17.13
MinimumVisualStudioVersion = 10.0.40219.1
Project("{54A90642-561A-4BB1-A94E-469ADEE60C69}") = "DataChartAppAngular", "DataChartAppAngular.esproj", "{826A3F16-DF50-555B-CC7B-E3472F3C2F09}"
EndProject
Global
	GlobalSection(SolutionConfigurationPlatforms) = preSolution
		Debug|Any CPU = Debug|Any CPU
		Release|Any CPU = Release|Any CPU
	EndGlobalSection
	GlobalSection(ProjectConfigurationPlatforms) = postSolution
		{826A3F16-DF50-555B-CC7B-E3472F3C2F09}.Debug|Any CPU.ActiveCfg = Debug|Any CPU
		{826A3F16-DF50-555B-CC7B-E3472F3C2F09}.Debug|Any CPU.Build.0 = Debug|Any CPU
		{826A3F16-DF50-555B-CC7B-E3472F3C2F09}.Debug|Any CPU.Deploy.0 = Debug|Any CPU
		{826A3F16-DF50-555B-CC7B-E3472F3C2F09}.Release|Any CPU.ActiveCfg = Release|Any CPU
		{826A3F16-DF50-555B-CC7B-E3472F3C2F09}.Release|Any CPU.Build.0 = Release|Any CPU
		{826A3F16-DF50-555B-CC7B-E3472F3C2F09}.Release|Any CPU.Deploy.0 = Release|Any CPU
	EndGlobalSection
	GlobalSection(SolutionProperties) = preSolution
		HideSolutionNode = FALSE
	EndGlobalSection
	GlobalSection(ExtensibilityGlobals) = postSolution
		SolutionGuid = {8EA5BC05-7FD3-4526-886A-C7B6197EA9C2}
	EndGlobalSection
EndGlobal
